
Microsoft Visual Studio Solution File, Format Version 12.00
# Visual Studio 15
VisualStudioVersion = 15.0.28010.2046
MinimumVisualStudioVersion = 10.0.40219.1
Project("{9A19103F-16F7-4668-BE54-9A1E7A4F7556}") = "EngineFramework", "EngineFramework\EngineFramework.csproj", "{9A3485D0-C1D4-4614-BF6F-82385E684059}"
EndProject
Project("{FAE04EC0-301F-11D3-BF4B-00C04F79EFBC}") = "EngineFramework.Test", "EngineFramework.Test\EngineFramework.Test.csproj", "{C9B4D734-85B6-4090-A5F2-0A81A23D6BB3}"
EndProject
Global
	GlobalSection(SolutionConfigurationPlatforms) = preSolution
		Debug|Any CPU = Debug|Any CPU
		Release|Any CPU = Release|Any CPU
	EndGlobalSection
	GlobalSection(ProjectConfigurationPlatforms) = postSolution
		{9A3485D0-C1D4-4614-BF6F-82385E684059}.Debug|Any CPU.ActiveCfg = Debug|Any CPU
		{9A3485D0-C1D4-4614-BF6F-82385E684059}.Debug|Any CPU.Build.0 = Debug|Any CPU
		{9A3485D0-C1D4-4614-BF6F-82385E684059}.Release|Any CPU.ActiveCfg = Release|Any CPU
		{9A3485D0-C1D4-4614-BF6F-82385E684059}.Release|Any CPU.Build.0 = Release|Any CPU
		{C9B4D734-85B6-4090-A5F2-0A81A23D6BB3}.Debug|Any CPU.ActiveCfg = Debug|Any CPU
		{C9B4D734-85B6-4090-A5F2-0A81A23D6BB3}.Debug|Any CPU.Build.0 = Debug|Any CPU
		{C9B4D734-85B6-4090-A5F2-0A81A23D6BB3}.Release|Any CPU.ActiveCfg = Release|Any CPU
		{C9B4D734-85B6-4090-A5F2-0A81A23D6BB3}.Release|Any CPU.Build.0 = Release|Any CPU
	EndGlobalSection
	GlobalSection(SolutionProperties) = preSolution
		HideSolutionNode = FALSE
	EndGlobalSection
	GlobalSection(ExtensibilityGlobals) = postSolution
		SolutionGuid = {735DDB4A-0A9A-4728-85CE-0F819F1BAA50}
	EndGlobalSection
EndGlobal
